
Microsoft Visual Studio Solution File, Format Version 12.00
# Visual Studio Version 17
VisualStudioVersion = 17.4.33403.182
MinimumVisualStudioVersion = 10.0.40219.1
Project("{FAE04EC0-301F-11D3-BF4B-00C04F79EFBC}") = "HND_Database_Assignment", "HND_Database_Assignment\HND_Database_Assignment.csproj", "{760257A9-3E1E-49F3-AE6D-88B62A03C6E3}"
EndProject
Global
	GlobalSection(SolutionConfigurationPlatforms) = preSolution
		Debug|Any CPU = Debug|Any CPU
		Release|Any CPU = Release|Any CPU
	EndGlobalSection
	GlobalSection(ProjectConfigurationPlatforms) = postSolution
		{760257A9-3E1E-49F3-AE6D-88B62A03C6E3}.Debug|Any CPU.ActiveCfg = Debug|Any CPU
		{760257A9-3E1E-49F3-AE6D-88B62A03C6E3}.Debug|Any CPU.Build.0 = Debug|Any CPU
		{760257A9-3E1E-49F3-AE6D-88B62A03C6E3}.Release|Any CPU.ActiveCfg = Release|Any CPU
		{760257A9-3E1E-49F3-AE6D-88B62A03C6E3}.Release|Any CPU.Build.0 = Release|Any CPU
	EndGlobalSection
	GlobalSection(SolutionProperties) = preSolution
		HideSolutionNode = FALSE
	EndGlobalSection
	GlobalSection(ExtensibilityGlobals) = postSolution
		SolutionGuid = {7C9DE345-0436-448F-B80F-E2DC36DFE5C0}
	EndGlobalSection
EndGlobal
